{
  "requires": true,
  "lockfileVersion": 1,
  "dependencies": {
    "~common": {
      "version": "file:../~common",
      "requires": {
        "lodash": "4.17.11"
      },
      "dependencies": {
        "lodash": {
          "version": "4.17.11",
          "bundled": true
        }
      }
    }
  }
}
